
Microsoft Visual Studio Solution File, Format Version 12.00
# Visual Studio Version 17
VisualStudioVersion = 17.0.31903.59
MinimumVisualStudioVersion = 10.0.40219.1
Project("{2150E333-8FDC-42A3-9474-1A3956D46DE8}") = "src", "src", "{9414F5D0-E272-4749-8A9F-DFE159D71A22}"
EndProject
Project("{FAE04EC0-301F-11D3-BF4B-00C04F79EFBC}") = "WebApp", "src\WebApp\WebApp.csproj", "{99F3A0B8-B9EC-4758-969B-6DC4AF8BE781}"
EndProject
Project("{FAE04EC0-301F-11D3-BF4B-00C04F79EFBC}") = "Tests", "src\Tests\Tests.csproj", "{95693E93-D922-497B-B3CE-DE746896AC60}"
EndProject
Global
	GlobalSection(SolutionConfigurationPlatforms) = preSolution
		Debug|Any CPU = Debug|Any CPU
		Release|Any CPU = Release|Any CPU
	EndGlobalSection
	GlobalSection(SolutionProperties) = preSolution
		HideSolutionNode = FALSE
	EndGlobalSection
	GlobalSection(ProjectConfigurationPlatforms) = postSolution
		{99F3A0B8-B9EC-4758-969B-6DC4AF8BE781}.Debug|Any CPU.ActiveCfg = Debug|Any CPU
		{99F3A0B8-B9EC-4758-969B-6DC4AF8BE781}.Debug|Any CPU.Build.0 = Debug|Any CPU
		{99F3A0B8-B9EC-4758-969B-6DC4AF8BE781}.Release|Any CPU.ActiveCfg = Release|Any CPU
		{99F3A0B8-B9EC-4758-969B-6DC4AF8BE781}.Release|Any CPU.Build.0 = Release|Any CPU
		{95693E93-D922-497B-B3CE-DE746896AC60}.Debug|Any CPU.ActiveCfg = Debug|Any CPU
		{95693E93-D922-497B-B3CE-DE746896AC60}.Debug|Any CPU.Build.0 = Debug|Any CPU
		{95693E93-D922-497B-B3CE-DE746896AC60}.Release|Any CPU.ActiveCfg = Release|Any CPU
		{95693E93-D922-497B-B3CE-DE746896AC60}.Release|Any CPU.Build.0 = Release|Any CPU
	EndGlobalSection
	GlobalSection(NestedProjects) = preSolution
		{99F3A0B8-B9EC-4758-969B-6DC4AF8BE781} = {9414F5D0-E272-4749-8A9F-DFE159D71A22}
		{95693E93-D922-497B-B3CE-DE746896AC60} = {9414F5D0-E272-4749-8A9F-DFE159D71A22}
	EndGlobalSection
EndGlobal
